
Microsoft Visual Studio Solution File, Format Version 12.00
# Visual Studio 2013
VisualStudioVersion = 12.0.31101.0
MinimumVisualStudioVersion = 10.0.40219.1
Project("{FAE04EC0-301F-11D3-BF4B-00C04F79EFBC}") = "HelloWorld", "HelloWorld\HelloWorld.csproj", "{F3F1E0BF-57CB-4463-9F08-F1618DD9A9BE}"
EndProject
Project("{2150E333-8FDC-42A3-9474-1A3956D46DE8}") = "0 - Presentation", "0 - Presentation", "{67FEE902-B7BA-48A6-802D-E60A8BD77C9C}"
EndProject
Project("{2150E333-8FDC-42A3-9474-1A3956D46DE8}") = "1 - API", "1 - API", "{96E3BF96-39EC-49F9-AD67-F812B933871D}"
EndProject
Project("{2150E333-8FDC-42A3-9474-1A3956D46DE8}") = "2 - Business", "2 - Business", "{75280199-3AC8-4C2A-9C0A-EAE7954F58D9}"
EndProject
Project("{2150E333-8FDC-42A3-9474-1A3956D46DE8}") = "3 - Domain", "3 - Domain", "{0C8B60A9-EE22-4078-8AD6-B10C90049F58}"
EndProject
Project("{2150E333-8FDC-42A3-9474-1A3956D46DE8}") = "4 - Data", "4 - Data", "{90544923-9190-4D27-AB11-77E176890747}"
EndProject
Project("{2150E333-8FDC-42A3-9474-1A3956D46DE8}") = "5 - Tests", "5 - Tests", "{1B0CD748-979C-49DF-A523-7C8FC58D0744}"
EndProject
Project("{FAE04EC0-301F-11D3-BF4B-00C04F79EFBC}") = "Domain", "Domain\Domain.csproj", "{75C995DF-987D-4E3C-87F3-14BE13A383E2}"
EndProject
Project("{FAE04EC0-301F-11D3-BF4B-00C04F79EFBC}") = "Business", "Business\Business.csproj", "{6982DF9D-2FC2-4E43-B45E-D5E1499199A1}"
EndProject
Project("{FAE04EC0-301F-11D3-BF4B-00C04F79EFBC}") = "WebApi", "WebApi\WebApi.csproj", "{E44EDE9F-AAD5-460D-AFE6-D50EDF0A7AE5}"
EndProject
Project("{FAE04EC0-301F-11D3-BF4B-00C04F79EFBC}") = "Repositories", "Repositories\Repositories.csproj", "{7B914AB6-55A6-4DDE-B068-CFB29620C492}"
EndProject
Global
	GlobalSection(SolutionConfigurationPlatforms) = preSolution
		Debug|Any CPU = Debug|Any CPU
		Debug|ARM = Debug|ARM
		Debug|x86 = Debug|x86
		Release|Any CPU = Release|Any CPU
		Release|ARM = Release|ARM
		Release|x86 = Release|x86
	EndGlobalSection
	GlobalSection(ProjectConfigurationPlatforms) = postSolution
		{F3F1E0BF-57CB-4463-9F08-F1618DD9A9BE}.Debug|Any CPU.ActiveCfg = Debug|Any CPU
		{F3F1E0BF-57CB-4463-9F08-F1618DD9A9BE}.Debug|Any CPU.Build.0 = Debug|Any CPU
		{F3F1E0BF-57CB-4463-9F08-F1618DD9A9BE}.Debug|Any CPU.Deploy.0 = Debug|Any CPU
		{F3F1E0BF-57CB-4463-9F08-F1618DD9A9BE}.Debug|ARM.ActiveCfg = Debug|ARM
		{F3F1E0BF-57CB-4463-9F08-F1618DD9A9BE}.Debug|ARM.Build.0 = Debug|ARM
		{F3F1E0BF-57CB-4463-9F08-F1618DD9A9BE}.Debug|ARM.Deploy.0 = Debug|ARM
		{F3F1E0BF-57CB-4463-9F08-F1618DD9A9BE}.Debug|x86.ActiveCfg = Debug|x86
		{F3F1E0BF-57CB-4463-9F08-F1618DD9A9BE}.Debug|x86.Build.0 = Debug|x86
		{F3F1E0BF-57CB-4463-9F08-F1618DD9A9BE}.Debug|x86.Deploy.0 = Debug|x86
		{F3F1E0BF-57CB-4463-9F08-F1618DD9A9BE}.Release|Any CPU.ActiveCfg = Release|Any CPU
		{F3F1E0BF-57CB-4463-9F08-F1618DD9A9BE}.Release|Any CPU.Build.0 = Release|Any CPU
		{F3F1E0BF-57CB-4463-9F08-F1618DD9A9BE}.Release|Any CPU.Deploy.0 = Release|Any CPU
		{F3F1E0BF-57CB-4463-9F08-F1618DD9A9BE}.Release|ARM.ActiveCfg = Release|ARM
		{F3F1E0BF-57CB-4463-9F08-F1618DD9A9BE}.Release|ARM.Build.0 = Release|ARM
		{F3F1E0BF-57CB-4463-9F08-F1618DD9A9BE}.Release|ARM.Deploy.0 = Release|ARM
		{F3F1E0BF-57CB-4463-9F08-F1618DD9A9BE}.Release|x86.ActiveCfg = Release|x86
		{F3F1E0BF-57CB-4463-9F08-F1618DD9A9BE}.Release|x86.Build.0 = Release|x86
		{F3F1E0BF-57CB-4463-9F08-F1618DD9A9BE}.Release|x86.Deploy.0 = Release|x86
		{75C995DF-987D-4E3C-87F3-14BE13A383E2}.Debug|Any CPU.ActiveCfg = Debug|Any CPU
		{75C995DF-987D-4E3C-87F3-14BE13A383E2}.Debug|Any CPU.Build.0 = Debug|Any CPU
		{75C995DF-987D-4E3C-87F3-14BE13A383E2}.Debug|ARM.ActiveCfg = Debug|Any CPU
		{75C995DF-987D-4E3C-87F3-14BE13A383E2}.Debug|x86.ActiveCfg = Debug|Any CPU
		{75C995DF-987D-4E3C-87F3-14BE13A383E2}.Release|Any CPU.ActiveCfg = Release|Any CPU
		{75C995DF-987D-4E3C-87F3-14BE13A383E2}.Release|Any CPU.Build.0 = Release|Any CPU
		{75C995DF-987D-4E3C-87F3-14BE13A383E2}.Release|ARM.ActiveCfg = Release|Any CPU
		{75C995DF-987D-4E3C-87F3-14BE13A383E2}.Release|x86.ActiveCfg = Release|Any CPU
		{6982DF9D-2FC2-4E43-B45E-D5E1499199A1}.Debug|Any CPU.ActiveCfg = Debug|Any CPU
		{6982DF9D-2FC2-4E43-B45E-D5E1499199A1}.Debug|Any CPU.Build.0 = Debug|Any CPU
		{6982DF9D-2FC2-4E43-B45E-D5E1499199A1}.Debug|ARM.ActiveCfg = Debug|Any CPU
		{6982DF9D-2FC2-4E43-B45E-D5E1499199A1}.Debug|x86.ActiveCfg = Debug|Any CPU
		{6982DF9D-2FC2-4E43-B45E-D5E1499199A1}.Release|Any CPU.ActiveCfg = Release|Any CPU
		{6982DF9D-2FC2-4E43-B45E-D5E1499199A1}.Release|Any CPU.Build.0 = Release|Any CPU
		{6982DF9D-2FC2-4E43-B45E-D5E1499199A1}.Release|ARM.ActiveCfg = Release|Any CPU
		{6982DF9D-2FC2-4E43-B45E-D5E1499199A1}.Release|x86.ActiveCfg = Release|Any CPU
		{E44EDE9F-AAD5-460D-AFE6-D50EDF0A7AE5}.Debug|Any CPU.ActiveCfg = Debug|Any CPU
		{E44EDE9F-AAD5-460D-AFE6-D50EDF0A7AE5}.Debug|Any CPU.Build.0 = Debug|Any CPU
		{E44EDE9F-AAD5-460D-AFE6-D50EDF0A7AE5}.Debug|ARM.ActiveCfg = Debug|Any CPU
		{E44EDE9F-AAD5-460D-AFE6-D50EDF0A7AE5}.Debug|x86.ActiveCfg = Debug|Any CPU
		{E44EDE9F-AAD5-460D-AFE6-D50EDF0A7AE5}.Release|Any CPU.ActiveCfg = Release|Any CPU
		{E44EDE9F-AAD5-460D-AFE6-D50EDF0A7AE5}.Release|Any CPU.Build.0 = Release|Any CPU
		{E44EDE9F-AAD5-460D-AFE6-D50EDF0A7AE5}.Release|ARM.ActiveCfg = Release|Any CPU
		{E44EDE9F-AAD5-460D-AFE6-D50EDF0A7AE5}.Release|x86.ActiveCfg = Release|Any CPU
		{7B914AB6-55A6-4DDE-B068-CFB29620C492}.Debug|Any CPU.ActiveCfg = Debug|Any CPU
		{7B914AB6-55A6-4DDE-B068-CFB29620C492}.Debug|Any CPU.Build.0 = Debug|Any CPU
		{7B914AB6-55A6-4DDE-B068-CFB29620C492}.Debug|ARM.ActiveCfg = Debug|Any CPU
		{7B914AB6-55A6-4DDE-B068-CFB29620C492}.Debug|x86.ActiveCfg = Debug|Any CPU
		{7B914AB6-55A6-4DDE-B068-CFB29620C492}.Release|Any CPU.ActiveCfg = Release|Any CPU
		{7B914AB6-55A6-4DDE-B068-CFB29620C492}.Release|Any CPU.Build.0 = Release|Any CPU
		{7B914AB6-55A6-4DDE-B068-CFB29620C492}.Release|ARM.ActiveCfg = Release|Any CPU
		{7B914AB6-55A6-4DDE-B068-CFB29620C492}.Release|x86.ActiveCfg = Release|Any CPU
	EndGlobalSection
	GlobalSection(SolutionProperties) = preSolution
		HideSolutionNode = FALSE
	EndGlobalSection
	GlobalSection(NestedProjects) = preSolution
		{F3F1E0BF-57CB-4463-9F08-F1618DD9A9BE} = {67FEE902-B7BA-48A6-802D-E60A8BD77C9C}
		{75C995DF-987D-4E3C-87F3-14BE13A383E2} = {0C8B60A9-EE22-4078-8AD6-B10C90049F58}
		{6982DF9D-2FC2-4E43-B45E-D5E1499199A1} = {75280199-3AC8-4C2A-9C0A-EAE7954F58D9}
		{E44EDE9F-AAD5-460D-AFE6-D50EDF0A7AE5} = {96E3BF96-39EC-49F9-AD67-F812B933871D}
		{7B914AB6-55A6-4DDE-B068-CFB29620C492} = {90544923-9190-4D27-AB11-77E176890747}
	EndGlobalSection
EndGlobal
